# ═══════════════════════════════════════════════════════════════════════════════
# sources.lock — pinned commit set for REPRODUCIBLE builds
#
# The single source of truth for every out-of-tree source the variants pull. Each
# apply-*.sh (and package.sh) sources this file, so what a variant IS is fixed here,
# not by whatever a branch tip happens to be on the day you build. Change a value
# ONLY deliberately — bumping a SHA changes what the variant is, and the build gates
# (KMI + the version-drift checks below) re-verify on the next build.
#
# The `common` kernel source is pinned separately, as a git submodule (.gitmodules
# → af99d873 = Google GKI android12-5.10-lts @ 5.10.260). Listed here for the record.
# ═══════════════════════════════════════════════════════════════════════════════

# ── kernel source + toolchain (informational; enforced elsewhere) ───────────────
KERNEL_COMMON="0f5ad2fa63ab5634b4f66a9b501ced6b7e501f92"   # common submodule — GKI android12-5.10-lts @ 5.10.268
CLANG_VER="clang-r416183b"                                  # AOSP clang 12.0.5 (fetch-toolchain.sh)

# ── ksunext variant: KernelSU-Next v3.3.0 "Wild" (dev-susfs) + SusFS v2.3.0 ──────
# WILDKSU_REF is the EXACT commit the driver is built from (was the moving `dev-susfs`
# branch — that drift was the whole point of pinning). WILDKSU_VERBASE is the version
# anchor: 30000 + rev-count(VERBASE) is the KSU version the kernel reports, which the
# manager APK must be >=. apply-ksunext-susfs.sh recomputes it and DIES on any drift
# from WILDKSU_VER_EXPECT, so the reported version and the installer banner can't
# disagree (that was a latent bug).
WILDKSU_REF="3438d6aa431f96a23f9e625bec3d53ce1fb14161"      # pershoot/KernelSU-Next dev-susfs @ this commit
WILDKSU_VERBASE="706413e0ddd0ed644b55b7e60397546d4ea57257"  # merge-base w/ dev = KSU-Next v3.3.0 HEAD (version anchor)
WILDKSU_VER_EXPECT="33219"                                   # 30000 + rev-count(WILDKSU_VERBASE); must match at build
SUSFS_REF="d97d235997ef75ea9254fadc2b7ae37467810220"         # simonpunk gki-android12-5.10 @ ec785f4 (SusFS v2.3.0) + our same 2 cherry-picks, rebased clean

# ── kowsu variant: KOWX712/KernelSU standalone (own hiding, no SusFS) ────────────
# Pin to a CURRENT KOWX712 master commit so the kernel version matches the manager
# users actually download. The old "pin low (v3.2.5=32525) so any newer manager works"
# theory was WRONG: the current manager (32579) will NOT bind a stale 32525 driver →
# users got "Not installed" (reported on v2). This commit == the manager build
# `v3.2.5-54-gcfac3be3` (32579) — kernel + manager from the SAME source commit.
# RE-BUMP when KOWX712 moves master and the distributed manager moves with it.
KOWSU_REF="0ffda30c29bdccf913355c5e06f49001e685530c"         # KOWX712/KernelSU TAG v3.3.0-37
KOWSU_VER_EXPECT="32638"                                     # 30000 + rev-count(KOWSU_REF); manager must match this
